
Microsoft Visual Studio Solution File, Format Version 12.00
# Visual Studio Version 17
VisualStudioVersion = 17.11.35327.3
MinimumVisualStudioVersion = 10.0.40219.1
Project("{FAE04EC0-301F-11D3-BF4B-00C04F79EFBC}") = "ADONetDemo", "ADONetDemo\ADONetDemo.csproj", "{144CF9AB-7473-4097-A768-B8CAF7C23D93}"
EndProject
Global
	GlobalSection(SolutionConfigurationPlatforms) = preSolution
		Debug|Any CPU = Debug|Any CPU
		Release|Any CPU = Release|Any CPU
	EndGlobalSection
	GlobalSection(ProjectConfigurationPlatforms) = postSolution
		{144CF9AB-7473-4097-A768-B8CAF7C23D93}.Debug|Any CPU.ActiveCfg = Debug|Any CPU
		{144CF9AB-7473-4097-A768-B8CAF7C23D93}.Debug|Any CPU.Build.0 = Debug|Any CPU
		{144CF9AB-7473-4097-A768-B8CAF7C23D93}.Release|Any CPU.ActiveCfg = Release|Any CPU
		{144CF9AB-7473-4097-A768-B8CAF7C23D93}.Release|Any CPU.Build.0 = Release|Any CPU
	EndGlobalSection
	GlobalSection(SolutionProperties) = preSolution
		HideSolutionNode = FALSE
	EndGlobalSection
	GlobalSection(ExtensibilityGlobals) = postSolution
		SolutionGuid = {A0C823AE-A49D-4892-8166-8C260145CA96}
	EndGlobalSection
EndGlobal
